// !$*UTF8*$!
{
	archiveVersion = 1;
	classes = {
	};
	objectVersion = 51;
	objects = {

/* Begin PBXBuildFile section */
		111FB780263C500400731038 /* MenuViewController.swift in Sources */ = {isa = PBXBuildFile; fileRef = 111FB77F263C500400731038 /* MenuViewController.swift */; };
		111FB78F263C53E500731038 /* CategoryInfoTableViewCell.swift in Sources */ = {isa = PBXBuildFile; fileRef = 111FB78D263C53E500731038 /* CategoryInfoTableViewCell.swift */; };
		111FB790263C53E500731038 /* CategoryInfoTableViewCell.xib in Resources */ = {isa = PBXBuildFile; fileRef = 111FB78E263C53E500731038 /* CategoryInfoTableViewCell.xib */; };
		1AF137D0263BC49F00E35754 /* AppDelegate.swift in Sources */ = {isa = PBXBuildFile; fileRef = 1AF137CF263BC49F00E35754 /* AppDelegate.swift */; };
		1AF137D2263BC49F00E35754 /* SceneDelegate.swift in Sources */ = {isa = PBXBuildFile; fileRef = 1AF137D1263BC49F00E35754 /* SceneDelegate.swift */; };
		1AF137D7263BC49F00E35754 /* Main.storyboard in Resources */ = {isa = PBXBuildFile; fileRef = 1AF137D5263BC49F00E35754 /* Main.storyboard */; };
		1AF137D9263BC4A600E35754 /* Assets.xcassets in Resources */ = {isa = PBXBuildFile; fileRef = 1AF137D8263BC4A600E35754 /* Assets.xcassets */; };
		1AF137DC263BC4A600E35754 /* LaunchScreen.storyboard in Resources */ = {isa = PBXBuildFile; fileRef = 1AF137DA263BC4A600E35754 /* LaunchScreen.storyboard */; };
		1AF137E7263BC4A600E35754 /* CafeManagerTests.swift in Sources */ = {isa = PBXBuildFile; fileRef = 1AF137E6263BC4A600E35754 /* CafeManagerTests.swift */; };
		1AF137F2263BC4A600E35754 /* CafeManagerUITests.swift in Sources */ = {isa = PBXBuildFile; fileRef = 1AF137F1263BC4A600E35754 /* CafeManagerUITests.swift */; };
		1AF13803263BD4FD00E35754 /* GoogleService-Info.plist in Resources */ = {isa = PBXBuildFile; fileRef = 1AF13802263BD4FD00E35754 /* GoogleService-Info.plist */; };
		1AF13807263BDAE500E35754 /* SignInViewController.swift in Sources */ = {isa = PBXBuildFile; fileRef = 1AF13806263BDAE500E35754 /* SignInViewController.swift */; };
		1AF13809263BDF2D00E35754 /* EntityModel.swift in Sources */ = {isa = PBXBuildFile; fileRef = 1AF13808263BDF2D00E35754 /* EntityModel.swift */; };
		1AF1380C263BDFE100E35754 /* InputValidator.swift in Sources */ = {isa = PBXBuildFile; fileRef = 1AF1380B263BDFE100E35754 /* InputValidator.swift */; };
		1AF1380E263BEFD100E35754 /* SignUpViewController.swift in Sources */ = {isa = PBXBuildFile; fileRef = 1AF1380D263BEFD100E35754 /* SignUpViewController.swift */; };
		1AF13810263BF2C200E35754 /* SessionManager.swift in Sources */ = {isa = PBXBuildFile; fileRef = 1AF1380F263BF2C200E35754 /* SessionManager.swift */; };
		1AF13812263BF93D00E35754 /* LaunchViewController.swift in Sources */ = {isa = PBXBuildFile; fileRef = 1AF13811263BF93D00E35754 /* LaunchViewController.swift */; };
		1AF13815263C02F500E35754 /* StoreRootViewController.swift in Sources */ = {isa = PBXBuildFile; fileRef = 1AF13814263C02F500E35754 /* StoreRootViewController.swift */; };
		1AF13817263C184B00E35754 /* PreviewViewController.swift in Sources */ = {isa = PBXBuildFile; fileRef = 1AF13816263C184B00E35754 /* PreviewViewController.swift */; };
		1AF13819263C186A00E35754 /* CategoryViewController.swift in Sources */ = {isa = PBXBuildFile; fileRef = 1AF13818263C186900E35754 /* CategoryViewController.swift */; };
		1AF1381E263C18A800E35754 /* AccountViewController.swift in Sources */ = {isa = PBXBuildFile; fileRef = 1AF1381D263C18A800E35754 /* AccountViewController.swift */; };
		1AF13821263C18EA00E35754 /* OrderViewController.swift in Sources */ = {isa = PBXBuildFile; fileRef = 1AF13820263C18EA00E35754 /* OrderViewController.swift */; };
		4967163420EEA0E4A09DE0C5 /* Pods_CafeManager.framework in Frameworks */ = {isa = PBXBuildFile; fileRef = E3BEEB0EB9EEB28BD6818BEC /* Pods_CafeManager.framework */; };
		691727F2263C5FEC00B905FE /* CategoryCollectionViewCell.swift in Sources */ = {isa = PBXBuildFile; fileRef = 691727F0263C5FEC00B905FE /* CategoryCollectionViewCell.swift */; };
		691727F3263C5FEC00B905FE /* CategoryCollectionViewCell.xib in Resources */ = {isa = PBXBuildFile; fileRef = 691727F1263C5FEC00B905FE /* CategoryCollectionViewCell.xib */; };
		82674F82A19EADECE7027C69 /* Pods_CafeManager_CafeManagerUITests.framework in Frameworks */ = {isa = PBXBuildFile; fileRef = FF8E064125F83BF904E7C10C /* Pods_CafeManager_CafeManagerUITests.framework */; };
		E671A72628415DDC9DA0F692 /* Pods_CafeManagerTests.framework in Frameworks */ = {isa = PBXBuildFile; fileRef = 17DF67AA3F9E358B1EEBCF3A /* Pods_CafeManagerTests.framework */; };
/* End PBXBuildFile section */

/* Begin PBXContainerItemProxy section */
		1AF137E3263BC4A600E35754 /* PBXContainerItemProxy */ = {
			isa = PBXContainerItemProxy;
			containerPortal = 1AF137C4263BC49E00E35754 /* Project object */;
			proxyType = 1;
			remoteGlobalIDString = 1AF137CB263BC49F00E35754;
			remoteInfo = CafeManager;
		};
		1AF137EE263BC4A600E35754 /* PBXContainerItemProxy */ = {
			isa = PBXContainerItemProxy;
			containerPortal = 1AF137C4263BC49E00E35754 /* Project object */;
			proxyType = 1;
			remoteGlobalIDString = 1AF137CB263BC49F00E35754;
			remoteInfo = CafeManager;
		};
/* End PBXContainerItemProxy section */

/* Begin PBXFileReference section */
		111FB77F263C500400731038 /* MenuViewController.swift */ = {isa = PBXFileReference; lastKnownFileType = sourcecode.swift; path = MenuViewController.swift; sourceTree = "<group>"; };
		111FB78D263C53E500731038 /* CategoryInfoTableViewCell.swift */ = {isa = PBXFileReference; lastKnownFileType = sourcecode.swift; path = CategoryInfoTableViewCell.swift; sourceTree = "<group>"; };
		111FB78E263C53E500731038 /* CategoryInfoTableViewCell.xib */ = {isa = PBXFileReference; lastKnownFileType = file.xib; path = CategoryInfoTableViewCell.xib; sourceTree = "<group>"; };
		17DF67AA3F9E358B1EEBCF3A /* Pods_CafeManagerTests.framework */ = {isa = PBXFileReference; explicitFileType = wrapper.framework; includeInIndex = 0; path = Pods_CafeManagerTests.framework; sourceTree = BUILT_PRODUCTS_DIR; };
		1AF137CC263BC49F00E35754 /* CafeManager.app */ = {isa = PBXFileReference; explicitFileType = wrapper.application; includeInIndex = 0; path = CafeManager.app; sourceTree = BUILT_PRODUCTS_DIR; };
		1AF137CF263BC49F00E35754 /* AppDelegate.swift */ = {isa = PBXFileReference; lastKnownFileType = sourcecode.swift; path = AppDelegate.swift; sourceTree = "<group>"; };
		1AF137D1263BC49F00E35754 /* SceneDelegate.swift */ = {isa = PBXFileReference; lastKnownFileType = sourcecode.swift; path = SceneDelegate.swift; sourceTree = "<group>"; };
		1AF137D6263BC49F00E35754 /* Base */ = {isa = PBXFileReference; lastKnownFileType = file.storyboard; name = Base; path = Base.lproj/Main.storyboard; sourceTree = "<group>"; };
		1AF137D8263BC4A600E35754 /* Assets.xcassets */ = {isa = PBXFileReference; lastKnownFileType = folder.assetcatalog; path = Assets.xcassets; sourceTree = "<group>"; };
		1AF137DB263BC4A600E35754 /* Base */ = {isa = PBXFileReference; lastKnownFileType = file.storyboard; name = Base; path = Base.lproj/LaunchScreen.storyboard; sourceTree = "<group>"; };
		1AF137DD263BC4A600E35754 /* Info.plist */ = {isa = PBXFileReference; lastKnownFileType = text.plist.xml; path = Info.plist; sourceTree = "<group>"; };
		1AF137E2263BC4A600E35754 /* CafeManagerTests.xctest */ = {isa = PBXFileReference; explicitFileType = wrapper.cfbundle; includeInIndex = 0; path = CafeManagerTests.xctest; sourceTree = BUILT_PRODUCTS_DIR; };
		1AF137E6263BC4A600E35754 /* CafeManagerTests.swift */ = {isa = PBXFileReference; lastKnownFileType = sourcecode.swift; path = CafeManagerTests.swift; sourceTree = "<group>"; };
		1AF137E8263BC4A600E35754 /* Info.plist */ = {isa = PBXFileReference; lastKnownFileType = text.plist.xml; path = Info.plist; sourceTree = "<group>"; };
		1AF137ED263BC4A600E35754 /* CafeManagerUITests.xctest */ = {isa = PBXFileReference; explicitFileType = wrapper.cfbundle; includeInIndex = 0; path = CafeManagerUITests.xctest; sourceTree = BUILT_PRODUCTS_DIR; };
		1AF137F1263BC4A600E35754 /* CafeManagerUITests.swift */ = {isa = PBXFileReference; lastKnownFileType = sourcecode.swift; path = CafeManagerUITests.swift; sourceTree = "<group>"; };
		1AF137F3263BC4A600E35754 /* Info.plist */ = {isa = PBXFileReference; lastKnownFileType = text.plist.xml; path = Info.plist; sourceTree = "<group>"; };
		1AF13802263BD4FD00E35754 /* GoogleService-Info.plist */ = {isa = PBXFileReference; fileEncoding = 4; lastKnownFileType = text.plist.xml; path = "GoogleService-Info.plist"; sourceTree = "<group>"; };
		1AF13806263BDAE500E35754 /* SignInViewController.swift */ = {isa = PBXFileReference; lastKnownFileType = sourcecode.swift; path = SignInViewController.swift; sourceTree = "<group>"; };
		1AF13808263BDF2D00E35754 /* EntityModel.swift */ = {isa = PBXFileReference; lastKnownFileType = sourcecode.swift; path = EntityModel.swift; sourceTree = "<group>"; };
		1AF1380B263BDFE100E35754 /* InputValidator.swift */ = {isa = PBXFileReference; lastKnownFileType = sourcecode.swift; path = InputValidator.swift; sourceTree = "<group>"; };
		1AF1380D263BEFD100E35754 /* SignUpViewController.swift */ = {isa = PBXFileReference; lastKnownFileType = sourcecode.swift; path = SignUpViewController.swift; sourceTree = "<group>"; };
		1AF1380F263BF2C200E35754 /* SessionManager.swift */ = {isa = PBXFileReference; lastKnownFileType = sourcecode.swift; path = SessionManager.swift; sourceTree = "<group>"; };
		1AF13811263BF93D00E35754 /* LaunchViewController.swift */ = {isa = PBXFileReference; lastKnownFileType = sourcecode.swift; path = LaunchViewController.swift; sourceTree = "<group>"; };
		1AF13814263C02F500E35754 /* StoreRootViewController.swift */ = {isa = PBXFileReference; lastKnownFileType = sourcecode.swift; path = StoreRootViewController.swift; sourceTree = "<group>"; };
		1AF13816263C184B00E35754 /* PreviewViewController.swift */ = {isa = PBXFileReference; lastKnownFileType = sourcecode.swift; path = PreviewViewController.swift; sourceTree = "<group>"; };
		1AF13818263C186900E35754 /* CategoryViewController.swift */ = {isa = PBXFileReference; lastKnownFileType = sourcecode.swift; path = CategoryViewController.swift; sourceTree = "<group>"; };
		1AF1381D263C18A800E35754 /* AccountViewController.swift */ = {isa = PBXFileReference; lastKnownFileType = sourcecode.swift; path = AccountViewController.swift; sourceTree = "<group>"; };
		1AF13820263C18EA00E35754 /* OrderViewController.swift */ = {isa = PBXFileReference; lastKnownFileType = sourcecode.swift; path = OrderViewController.swift; sourceTree = "<group>"; };
		575C0BD075E5AEFB64259337 /* Pods-CafeManager-CafeManagerUITests.release.xcconfig */ = {isa = PBXFileReference; includeInIndex = 1; lastKnownFileType = text.xcconfig; name = "Pods-CafeManager-CafeManagerUITests.release.xcconfig"; path = "Target Support Files/Pods-CafeManager-CafeManagerUITests/Pods-CafeManager-CafeManagerUITests.release.xcconfig"; sourceTree = "<group>"; };
		66193D7552DD60D7F8D49612 /* Pods-CafeManagerTests.debug.xcconfig */ = {isa = PBXFileReference; includeInIndex = 1; lastKnownFileType = text.xcconfig; name = "Pods-CafeManagerTests.debug.xcconfig"; path = "Target Support Files/Pods-CafeManagerTests/Pods-CafeManagerTests.debug.xcconfig"; sourceTree = "<group>"; };
		671D19EC791AEDC8D2785AA3 /* Pods-CafeManager.release.xcconfig */ = {isa = PBXFileReference; includeInIndex = 1; lastKnownFileType = text.xcconfig; name = "Pods-CafeManager.release.xcconfig"; path = "Target Support Files/Pods-CafeManager/Pods-CafeManager.release.xcconfig"; sourceTree = "<group>"; };
		691727F0263C5FEC00B905FE /* CategoryCollectionViewCell.swift */ = {isa = PBXFileReference; lastKnownFileType = sourcecode.swift; path = CategoryCollectionViewCell.swift; sourceTree = "<group>"; };
		691727F1263C5FEC00B905FE /* CategoryCollectionViewCell.xib */ = {isa = PBXFileReference; lastKnownFileType = file.xib; path = CategoryCollectionViewCell.xib; sourceTree = "<group>"; };
		7EB4EACDE62E3246098312E4 /* Pods-CafeManager-CafeManagerUITests.debug.xcconfig */ = {isa = PBXFileReference; includeInIndex = 1; lastKnownFileType = text.xcconfig; name = "Pods-CafeManager-CafeManagerUITests.debug.xcconfig"; path = "Target Support Files/Pods-CafeManager-CafeManagerUITests/Pods-CafeManager-CafeManagerUITests.debug.xcconfig"; sourceTree = "<group>"; };
		99BB1B016EDCAC33A6059319 /* Pods-CafeManager.debug.xcconfig */ = {isa = PBXFileReference; includeInIndex = 1; lastKnownFileType = text.xcconfig; name = "Pods-CafeManager.debug.xcconfig"; path = "Target Support Files/Pods-CafeManager/Pods-CafeManager.debug.xcconfig"; sourceTree = "<group>"; };
		E3BEEB0EB9EEB28BD6818BEC /* Pods_CafeManager.framework */ = {isa = PBXFileReference; explicitFileType = wrapper.framework; includeInIndex = 0; path = Pods_CafeManager.framework; sourceTree = BUILT_PRODUCTS_DIR; };
		FD628FC806C4DAE9FB231266 /* Pods-CafeManagerTests.release.xcconfig */ = {isa = PBXFileReference; includeInIndex = 1; lastKnownFileType = text.xcconfig; name = "Pods-CafeManagerTests.release.xcconfig"; path = "Target Support Files/Pods-CafeManagerTests/Pods-CafeManagerTests.release.xcconfig"; sourceTree = "<group>"; };
		FF8E064125F83BF904E7C10C /* Pods_CafeManager_CafeManagerUITests.framework */ = {isa = PBXFileReference; explicitFileType = wrapper.framework; includeInIndex = 0; path = Pods_CafeManager_CafeManagerUITests.framework; sourceTree = BUILT_PRODUCTS_DIR; };
/* End PBXFileReference section */

/* Begin PBXFrameworksBuildPhase section */
		1AF137C9263BC49F00E35754 /* Frameworks */ = {
			isa = PBXFrameworksBuildPhase;
			buildActionMask = 2147483647;
			files = (
				4967163420EEA0E4A09DE0C5 /* Pods_CafeManager.framework in Frameworks */,
			);
			runOnlyForDeploymentPostprocessing = 0;
		};
		1AF137DF263BC4A600E35754 /* Frameworks */ = {
			isa = PBXFrameworksBuildPhase;
			buildActionMask = 2147483647;
			files = (
				E671A72628415DDC9DA0F692 /* Pods_CafeManagerTests.framework in Frameworks */,
			);
			runOnlyForDeploymentPostprocessing = 0;
		};
		1AF137EA263BC4A600E35754 /* Frameworks */ = {
			isa = PBXFrameworksBuildPhase;
			buildActionMask = 2147483647;
			files = (
				82674F82A19EADECE7027C69 /* Pods_CafeManager_CafeManagerUITests.framework in Frameworks */,
			);
			runOnlyForDeploymentPostprocessing = 0;
		};
/* End PBXFrameworksBuildPhase section */

/* Begin PBXGroup section */
		111FB784263C528100731038 /* XIB */ = {
			isa = PBXGroup;
			children = (
				111FB78D263C53E500731038 /* CategoryInfoTableViewCell.swift */,
				111FB78E263C53E500731038 /* CategoryInfoTableViewCell.xib */,
				691727F0263C5FEC00B905FE /* CategoryCollectionViewCell.swift */,
				691727F1263C5FEC00B905FE /* CategoryCollectionViewCell.xib */,
			);
			path = XIB;
			sourceTree = "<group>";
		};
		1AF137C3263BC49E00E35754 = {
			isa = PBXGroup;
			children = (
				1AF137CE263BC49F00E35754 /* CafeManager */,
				1AF137E5263BC4A600E35754 /* CafeManagerTests */,
				1AF137F0263BC4A600E35754 /* CafeManagerUITests */,
				1AF137CD263BC49F00E35754 /* Products */,
				574638311F06FC5F4730D73A /* Pods */,
				716933B7F6D7DA6B55F41FED /* Frameworks */,
			);
			sourceTree = "<group>";
		};
		1AF137CD263BC49F00E35754 /* Products */ = {
			isa = PBXGroup;
			children = (
				1AF137CC263BC49F00E35754 /* CafeManager.app */,
				1AF137E2263BC4A600E35754 /* CafeManagerTests.xctest */,
				1AF137ED263BC4A600E35754 /* CafeManagerUITests.xctest */,
			);
			name = Products;
			sourceTree = "<group>";
		};
		1AF137CE263BC49F00E35754 /* CafeManager */ = {
			isa = PBXGroup;
			children = (
				1AF1380A263BDF9100E35754 /* Util */,
				1AF13802263BD4FD00E35754 /* GoogleService-Info.plist */,
				1AF13801263BC4F300E35754 /* View */,
				1AF13800263BC4E400E35754 /* Controller */,
				1AF137FF263BC4DC00E35754 /* Model */,
				1AF137CF263BC49F00E35754 /* AppDelegate.swift */,
				1AF137D1263BC49F00E35754 /* SceneDelegate.swift */,
				1AF137D8263BC4A600E35754 /* Assets.xcassets */,
				1AF137DA263BC4A600E35754 /* LaunchScreen.storyboard */,
				1AF137DD263BC4A600E35754 /* Info.plist */,
			);
			path = CafeManager;
			sourceTree = "<group>";
		};
		1AF137E5263BC4A600E35754 /* CafeManagerTests */ = {
			isa = PBXGroup;
			children = (
				1AF137E6263BC4A600E35754 /* CafeManagerTests.swift */,
				1AF137E8263BC4A600E35754 /* Info.plist */,
			);
			path = CafeManagerTests;
			sourceTree = "<group>";
		};
		1AF137F0263BC4A600E35754 /* CafeManagerUITests */ = {
			isa = PBXGroup;
			children = (
				1AF137F1263BC4A600E35754 /* CafeManagerUITests.swift */,
				1AF137F3263BC4A600E35754 /* Info.plist */,
			);
			path = CafeManagerUITests;
			sourceTree = "<group>";
		};
		1AF137FF263BC4DC00E35754 /* Model */ = {
			isa = PBXGroup;
			children = (
				1AF13808263BDF2D00E35754 /* EntityModel.swift */,
			);
			path = Model;
			sourceTree = "<group>";
		};
		1AF13800263BC4E400E35754 /* Controller */ = {
			isa = PBXGroup;
			children = (
				1AF1381F263C18D800E35754 /* Order */,
				1AF1381C263C189000E35754 /* Account */,
				1AF13813263C02BF00E35754 /* Store */,
				1AF13806263BDAE500E35754 /* SignInViewController.swift */,
				1AF1380D263BEFD100E35754 /* SignUpViewController.swift */,
				1AF13811263BF93D00E35754 /* LaunchViewController.swift */,
			);
			path = Controller;
			sourceTree = "<group>";
		};
		1AF13801263BC4F300E35754 /* View */ = {
			isa = PBXGroup;
			children = (
				111FB784263C528100731038 /* XIB */,
				1AF137D5263BC49F00E35754 /* Main.storyboard */,
			);
			path = View;
			sourceTree = "<group>";
		};
		1AF1380A263BDF9100E35754 /* Util */ = {
			isa = PBXGroup;
			children = (
				1AF1380B263BDFE100E35754 /* InputValidator.swift */,
				1AF1380F263BF2C200E35754 /* SessionManager.swift */,
			);
			path = Util;
			sourceTree = "<group>";
		};
		1AF13813263C02BF00E35754 /* Store */ = {
			isa = PBXGroup;
			children = (
				1AF13814263C02F500E35754 /* StoreRootViewController.swift */,
				1AF13816263C184B00E35754 /* PreviewViewController.swift */,
				1AF13818263C186900E35754 /* CategoryViewController.swift */,
				111FB77F263C500400731038 /* MenuViewController.swift */,
			);
			path = Store;
			sourceTree = "<group>";
		};
		1AF1381C263C189000E35754 /* Account */ = {
			isa = PBXGroup;
			children = (
				1AF1381D263C18A800E35754 /* AccountViewController.swift */,
			);
			path = Account;
			sourceTree = "<group>";
		};
		1AF1381F263C18D800E35754 /* Order */ = {
			isa = PBXGroup;
			children = (
				1AF13820263C18EA00E35754 /* OrderViewController.swift */,
			);
			path = Order;
			sourceTree = "<group>";
		};
		574638311F06FC5F4730D73A /* Pods */ = {
			isa = PBXGroup;
			children = (
				99BB1B016EDCAC33A6059319 /* Pods-CafeManager.debug.xcconfig */,
				671D19EC791AEDC8D2785AA3 /* Pods-CafeManager.release.xcconfig */,
				7EB4EACDE62E3246098312E4 /* Pods-CafeManager-CafeManagerUITests.debug.xcconfig */,
				575C0BD075E5AEFB64259337 /* Pods-CafeManager-CafeManagerUITests.release.xcconfig */,
				66193D7552DD60D7F8D49612 /* Pods-CafeManagerTests.debug.xcconfig */,
				FD628FC806C4DAE9FB231266 /* Pods-CafeManagerTests.release.xcconfig */,
			);
			path = Pods;
			sourceTree = "<group>";
		};
		716933B7F6D7DA6B55F41FED /* Frameworks */ = {
			isa = PBXGroup;
			children = (
				E3BEEB0EB9EEB28BD6818BEC /* Pods_CafeManager.framework */,
				FF8E064125F83BF904E7C10C /* Pods_CafeManager_CafeManagerUITests.framework */,
				17DF67AA3F9E358B1EEBCF3A /* Pods_CafeManagerTests.framework */,
			);
			name = Frameworks;
			sourceTree = "<group>";
		};
/* End PBXGroup section */

/* Begin PBXNativeTarget section */
		1AF137CB263BC49F00E35754 /* CafeManager */ = {
			isa = PBXNativeTarget;
			buildConfigurationList = 1AF137F6263BC4A600E35754 /* Build configuration list for PBXNativeTarget "CafeManager" */;
			buildPhases = (
				352506ED3ED030EA91079BA9 /* [CP] Check Pods Manifest.lock */,
				1AF137C8263BC49F00E35754 /* Sources */,
				1AF137C9263BC49F00E35754 /* Frameworks */,
				1AF137CA263BC49F00E35754 /* Resources */,
				873A7724E5FE69D8D05CB529 /* [CP] Embed Pods Frameworks */,
			);
			buildRules = (
			);
			dependencies = (
			);
			name = CafeManager;
			productName = CafeManager;
			productReference = 1AF137CC263BC49F00E35754 /* CafeManager.app */;
			productType = "com.apple.product-type.application";
		};
		1AF137E1263BC4A600E35754 /* CafeManagerTests */ = {
			isa = PBXNativeTarget;
			buildConfigurationList = 1AF137F9263BC4A600E35754 /* Build configuration list for PBXNativeTarget "CafeManagerTests" */;
			buildPhases = (
				26A672663CFFD1E77D655A8D /* [CP] Check Pods Manifest.lock */,
				1AF137DE263BC4A600E35754 /* Sources */,
				1AF137DF263BC4A600E35754 /* Frameworks */,
				1AF137E0263BC4A600E35754 /* Resources */,
			);
			buildRules = (
			);
			dependencies = (
				1AF137E4263BC4A600E35754 /* PBXTargetDependency */,
			);
			name = CafeManagerTests;
			productName = CafeManagerTests;
			productReference = 1AF137E2263BC4A600E35754 /* CafeManagerTests.xctest */;
			productType = "com.apple.product-type.bundle.unit-test";
		};
		1AF137EC263BC4A600E35754 /* CafeManagerUITests */ = {
			isa = PBXNativeTarget;
			buildConfigurationList = 1AF137FC263BC4A600E35754 /* Build configuration list for PBXNativeTarget "CafeManagerUITests" */;
			buildPhases = (
				0A972BCB8FF5BF7B1E62B424 /* [CP] Check Pods Manifest.lock */,
				1AF137E9263BC4A600E35754 /* Sources */,
				1AF137EA263BC4A600E35754 /* Frameworks */,
				1AF137EB263BC4A600E35754 /* Resources */,
				7EB1E8CD83AF5471172052D9 /* [CP] Embed Pods Frameworks */,
			);
			buildRules = (
			);
			dependencies = (
				1AF137EF263BC4A600E35754 /* PBXTargetDependency */,
			);
			name = CafeManagerUITests;
			productName = CafeManagerUITests;
			productReference = 1AF137ED263BC4A600E35754 /* CafeManagerUITests.xctest */;
			productType = "com.apple.product-type.bundle.ui-testing";
		};
/* End PBXNativeTarget section */

/* Begin PBXProject section */
		1AF137C4263BC49E00E35754 /* Project object */ = {
			isa = PBXProject;
			attributes = {
				LastSwiftUpdateCheck = 1150;
				LastUpgradeCheck = 1150;
				ORGANIZATIONNAME = Rimshan;
				TargetAttributes = {
					1AF137CB263BC49F00E35754 = {
						CreatedOnToolsVersion = 11.5;
						LastSwiftMigration = 1240;
					};
					1AF137E1263BC4A600E35754 = {
						CreatedOnToolsVersion = 11.5;
						TestTargetID = 1AF137CB263BC49F00E35754;
					};
					1AF137EC263BC4A600E35754 = {
						CreatedOnToolsVersion = 11.5;
						TestTargetID = 1AF137CB263BC49F00E35754;
					};
				};
			};
			buildConfigurationList = 1AF137C7263BC49E00E35754 /* Build configuration list for PBXProject "CafeManager" */;
			compatibilityVersion = "Xcode 9.3";
			developmentRegion = en;
			hasScannedForEncodings = 0;
			knownRegions = (
				en,
				Base,
			);
			mainGroup = 1AF137C3263BC49E00E35754;
			productRefGroup = 1AF137CD263BC49F00E35754 /* Products */;
			projectDirPath = "";
			projectRoot = "";
			targets = (
				1AF137CB263BC49F00E35754 /* CafeManager */,
				1AF137E1263BC4A600E35754 /* CafeManagerTests */,
				1AF137EC263BC4A600E35754 /* CafeManagerUITests */,
			);
		};
/* End PBXProject section */

/* Begin PBXResourcesBuildPhase section */
		1AF137CA263BC49F00E35754 /* Resources */ = {
			isa = PBXResourcesBuildPhase;
			buildActionMask = 2147483647;
			files = (
				691727F3263C5FEC00B905FE /* CategoryCollectionViewCell.xib in Resources */,
				1AF137DC263BC4A600E35754 /* LaunchScreen.storyboard in Resources */,
				1AF137D9263BC4A600E35754 /* Assets.xcassets in Resources */,
				111FB790263C53E500731038 /* CategoryInfoTableViewCell.xib in Resources */,
				1AF13803263BD4FD00E35754 /* GoogleService-Info.plist in Resources */,
				1AF137D7263BC49F00E35754 /* Main.storyboard in Resources */,
			);
			runOnlyForDeploymentPostprocessing = 0;
		};
		1AF137E0263BC4A600E35754 /* Resources */ = {
			isa = PBXResourcesBuildPhase;
			buildActionMask = 2147483647;
			files = (
			);
			runOnlyForDeploymentPostprocessing = 0;
		};
		1AF137EB263BC4A600E35754 /* Resources */ = {
			isa = PBXResourcesBuildPhase;
			buildActionMask = 2147483647;
			files = (
			);
			runOnlyForDeploymentPostprocessing = 0;
		};
/* End PBXResourcesBuildPhase section */

/* Begin PBXShellScriptBuildPhase section */
		0A972BCB8FF5BF7B1E62B424 /* [CP] Check Pods Manifest.lock */ = {
			isa = PBXShellScriptBuildPhase;
			buildActionMask = 2147483647;
			files = (
			);
			inputFileListPaths = (
			);
			inputPaths = (
				"${PODS_PODFILE_DIR_PATH}/Podfile.lock",
				"${PODS_ROOT}/Manifest.lock",
			);
			name = "[CP] Check Pods Manifest.lock";
			outputFileListPaths = (
			);
			outputPaths = (
				"$(DERIVED_FILE_DIR)/Pods-CafeManager-CafeManagerUITests-checkManifestLockResult.txt",
			);
			runOnlyForDeploymentPostprocessing = 0;
			shellPath = /bin/sh;
			shellScript = "diff \"${PODS_PODFILE_DIR_PATH}/Podfile.lock\" \"${PODS_ROOT}/Manifest.lock\" > /dev/null\nif [ $? != 0 ] ; then\n    # print error to STDERR\n    echo \"error: The sandbox is not in sync with the Podfile.lock. Run 'pod install' or update your CocoaPods installation.\" >&2\n    exit 1\nfi\n# This output is used by Xcode 'outputs' to avoid re-running this script phase.\necho \"SUCCESS\" > \"${SCRIPT_OUTPUT_FILE_0}\"\n";
			showEnvVarsInLog = 0;
		};
		26A672663CFFD1E77D655A8D /* [CP] Check Pods Manifest.lock */ = {
			isa = PBXShellScriptBuildPhase;
			buildActionMask = 2147483647;
			files = (
			);
			inputFileListPaths = (
			);
			inputPaths = (
				"${PODS_PODFILE_DIR_PATH}/Podfile.lock",
				"${PODS_ROOT}/Manifest.lock",
			);
			name = "[CP] Check Pods Manifest.lock";
			outputFileListPaths = (
			);
			outputPaths = (
				"$(DERIVED_FILE_DIR)/Pods-CafeManagerTests-checkManifestLockResult.txt",
			);
			runOnlyForDeploymentPostprocessing = 0;
			shellPath = /bin/sh;
			shellScript = "diff \"${PODS_PODFILE_DIR_PATH}/Podfile.lock\" \"${PODS_ROOT}/Manifest.lock\" > /dev/null\nif [ $? != 0 ] ; then\n    # print error to STDERR\n    echo \"error: The sandbox is not in sync with the Podfile.lock. Run 'pod install' or update your CocoaPods installation.\" >&2\n    exit 1\nfi\n# This output is used by Xcode 'outputs' to avoid re-running this script phase.\necho \"SUCCESS\" > \"${SCRIPT_OUTPUT_FILE_0}\"\n";
			showEnvVarsInLog = 0;
		};
		352506ED3ED030EA91079BA9 /* [CP] Check Pods Manifest.lock */ = {
			isa = PBXShellScriptBuildPhase;
			buildActionMask = 2147483647;
			files = (
			);
			inputFileListPaths = (
			);
			inputPaths = (
				"${PODS_PODFILE_DIR_PATH}/Podfile.lock",
				"${PODS_ROOT}/Manifest.lock",
			);
			name = "[CP] Check Pods Manifest.lock";
			outputFileListPaths = (
			);
			outputPaths = (
				"$(DERIVED_FILE_DIR)/Pods-CafeManager-checkManifestLockResult.txt",
			);
			runOnlyForDeploymentPostprocessing = 0;
			shellPath = /bin/sh;
			shellScript = "diff \"${PODS_PODFILE_DIR_PATH}/Podfile.lock\" \"${PODS_ROOT}/Manifest.lock\" > /dev/null\nif [ $? != 0 ] ; then\n    # print error to STDERR\n    echo \"error: The sandbox is not in sync with the Podfile.lock. Run 'pod install' or update your CocoaPods installation.\" >&2\n    exit 1\nfi\n# This output is used by Xcode 'outputs' to avoid re-running this script phase.\necho \"SUCCESS\" > \"${SCRIPT_OUTPUT_FILE_0}\"\n";
			showEnvVarsInLog = 0;
		};
		7EB1E8CD83AF5471172052D9 /* [CP] Embed Pods Frameworks */ = {
			isa = PBXShellScriptBuildPhase;
			buildActionMask = 2147483647;
			files = (
			);
			inputFileListPaths = (
				"${PODS_ROOT}/Target Support Files/Pods-CafeManager-CafeManagerUITests/Pods-CafeManager-CafeManagerUITests-frameworks-${CONFIGURATION}-input-files.xcfilelist",
			);
			name = "[CP] Embed Pods Frameworks";
			outputFileListPaths = (
				"${PODS_ROOT}/Target Support Files/Pods-CafeManager-CafeManagerUITests/Pods-CafeManager-CafeManagerUITests-frameworks-${CONFIGURATION}-output-files.xcfilelist",
			);
			runOnlyForDeploymentPostprocessing = 0;
			shellPath = /bin/sh;
			shellScript = "\"${PODS_ROOT}/Target Support Files/Pods-CafeManager-CafeManagerUITests/Pods-CafeManager-CafeManagerUITests-frameworks.sh\"\n";
			showEnvVarsInLog = 0;
		};
		873A7724E5FE69D8D05CB529 /* [CP] Embed Pods Frameworks */ = {
			isa = PBXShellScriptBuildPhase;
			buildActionMask = 2147483647;
			files = (
			);
			inputFileListPaths = (
				"${PODS_ROOT}/Target Support Files/Pods-CafeManager/Pods-CafeManager-frameworks-${CONFIGURATION}-input-files.xcfilelist",
			);
			name = "[CP] Embed Pods Frameworks";
			outputFileListPaths = (
				"${PODS_ROOT}/Target Support Files/Pods-CafeManager/Pods-CafeManager-frameworks-${CONFIGURATION}-output-files.xcfilelist",
			);
			runOnlyForDeploymentPostprocessing = 0;
			shellPath = /bin/sh;
			shellScript = "\"${PODS_ROOT}/Target Support Files/Pods-CafeManager/Pods-CafeManager-frameworks.sh\"\n";
			showEnvVarsInLog = 0;
		};
/* End PBXShellScriptBuildPhase section */

/* Begin PBXSourcesBuildPhase section */
		1AF137C8263BC49F00E35754 /* Sources */ = {
			isa = PBXSourcesBuildPhase;
			buildActionMask = 2147483647;
			files = (
				691727F2263C5FEC00B905FE /* CategoryCollectionViewCell.swift in Sources */,
				1AF1380E263BEFD100E35754 /* SignUpViewController.swift in Sources */,
				111FB78F263C53E500731038 /* CategoryInfoTableViewCell.swift in Sources */,
				1AF1380C263BDFE100E35754 /* InputValidator.swift in Sources */,
				1AF1381E263C18A800E35754 /* AccountViewController.swift in Sources */,
				111FB780263C500400731038 /* MenuViewController.swift in Sources */,
				1AF13821263C18EA00E35754 /* OrderViewController.swift in Sources */,
				1AF13815263C02F500E35754 /* StoreRootViewController.swift in Sources */,
				1AF13817263C184B00E35754 /* PreviewViewController.swift in Sources */,
				1AF137D0263BC49F00E35754 /* AppDelegate.swift in Sources */,
				1AF137D2263BC49F00E35754 /* SceneDelegate.swift in Sources */,
				1AF13809263BDF2D00E35754 /* EntityModel.swift in Sources */,
				1AF13807263BDAE500E35754 /* SignInViewController.swift in Sources */,
				1AF13810263BF2C200E35754 /* SessionManager.swift in Sources */,
				1AF13819263C186A00E35754 /* CategoryViewController.swift in Sources */,
				1AF13812263BF93D00E35754 /* LaunchViewController.swift in Sources */,
			);
			runOnlyForDeploymentPostprocessing = 0;
		};
		1AF137DE263BC4A600E35754 /* Sources */ = {
			isa = PBXSourcesBuildPhase;
			buildActionMask = 2147483647;
			files = (
				1AF137E7263BC4A600E35754 /* CafeManagerTests.swift in Sources */,
			);
			runOnlyForDeploymentPostprocessing = 0;
		};
		1AF137E9263BC4A600E35754 /* Sources */ = {
			isa = PBXSourcesBuildPhase;
			buildActionMask = 2147483647;
			files = (
				1AF137F2263BC4A600E35754 /* CafeManagerUITests.swift in Sources */,
			);
			runOnlyForDeploymentPostprocessing = 0;
		};
/* End PBXSourcesBuildPhase section */

/* Begin PBXTargetDependency section */
		1AF137E4263BC4A600E35754 /* PBXTargetDependency */ = {
			isa = PBXTargetDependency;
			target = 1AF137CB263BC49F00E35754 /* CafeManager */;
			targetProxy = 1AF137E3263BC4A600E35754 /* PBXContainerItemProxy */;
		};
		1AF137EF263BC4A600E35754 /* PBXTargetDependency */ = {
			isa = PBXTargetDependency;
			target = 1AF137CB263BC49F00E35754 /* CafeManager */;
			targetProxy = 1AF137EE263BC4A600E35754 /* PBXContainerItemProxy */;
		};
/* End PBXTargetDependency section */

/* Begin PBXVariantGroup section */
		1AF137D5263BC49F00E35754 /* Main.storyboard */ = {
			isa = PBXVariantGroup;
			children = (
				1AF137D6263BC49F00E35754 /* Base */,
			);
			name = Main.storyboard;
			sourceTree = "<group>";
		};
		1AF137DA263BC4A600E35754 /* LaunchScreen.storyboard */ = {
			isa = PBXVariantGroup;
			children = (
				1AF137DB263BC4A600E35754 /* Base */,
			);
			name = LaunchScreen.storyboard;
			sourceTree = "<group>";
		};
/* End PBXVariantGroup section */

/* Begin XCBuildConfiguration section */
		1AF137F4263BC4A600E35754 /* Debug */ = {
			isa = XCBuildConfiguration;
			buildSettings = {
				ALWAYS_SEARCH_USER_PATHS = NO;
				CLANG_ANALYZER_NONNULL = YES;
				CLANG_ANALYZER_NUMBER_OBJECT_CONVERSION = YES_AGGRESSIVE;
				CLANG_CXX_LANGUAGE_STANDARD = "gnu++14";
				CLANG_CXX_LIBRARY = "libc++";
				CLANG_ENABLE_MODULES = YES;
				CLANG_ENABLE_OBJC_ARC = YES;
				CLANG_ENABLE_OBJC_WEAK = YES;
				CLANG_WARN_BLOCK_CAPTURE_AUTORELEASING = YES;
				CLANG_WARN_BOOL_CONVERSION = YES;
				CLANG_WARN_COMMA = YES;
				CLANG_WARN_CONSTANT_CONVERSION = YES;
				CLANG_WARN_DEPRECATED_OBJC_IMPLEMENTATIONS = YES;
				CLANG_WARN_DIRECT_OBJC_ISA_USAGE = YES_ERROR;
				CLANG_WARN_DOCUMENTATION_COMMENTS = YES;
				CLANG_WARN_EMPTY_BODY = YES;
				CLANG_WARN_ENUM_CONVERSION = YES;
				CLANG_WARN_INFINITE_RECURSION = YES;
				CLANG_WARN_INT_CONVERSION = YES;
				CLANG_WARN_NON_LITERAL_NULL_CONVERSION = YES;
				CLANG_WARN_OBJC_IMPLICIT_RETAIN_SELF = YES;
				CLANG_WARN_OBJC_LITERAL_CONVERSION = YES;
				CLANG_WARN_OBJC_ROOT_CLASS = YES_ERROR;
				CLANG_WARN_RANGE_LOOP_ANALYSIS = YES;
				CLANG_WARN_STRICT_PROTOTYPES = YES;
				CLANG_WARN_SUSPICIOUS_MOVE = YES;
				CLANG_WARN_UNGUARDED_AVAILABILITY = YES_AGGRESSIVE;
				CLANG_WARN_UNREACHABLE_CODE = YES;
				CLANG_WARN__DUPLICATE_METHOD_MATCH = YES;
				COPY_PHASE_STRIP = NO;
				DEBUG_INFORMATION_FORMAT = dwarf;
				ENABLE_STRICT_OBJC_MSGSEND = YES;
				ENABLE_TESTABILITY = YES;
				GCC_C_LANGUAGE_STANDARD = gnu11;
				GCC_DYNAMIC_NO_PIC = NO;
				GCC_NO_COMMON_BLOCKS = YES;
				GCC_OPTIMIZATION_LEVEL = 0;
				GCC_PREPROCESSOR_DEFINITIONS = (
					"DEBUG=1",
					"$(inherited)",
				);
				GCC_WARN_64_TO_32_BIT_CONVERSION = YES;
				GCC_WARN_ABOUT_RETURN_TYPE = YES_ERROR;
				GCC_WARN_UNDECLARED_SELECTOR = YES;
				GCC_WARN_UNINITIALIZED_AUTOS = YES_AGGRESSIVE;
				GCC_WARN_UNUSED_FUNCTION = YES;
				GCC_WARN_UNUSED_VARIABLE = YES;
				IPHONEOS_DEPLOYMENT_TARGET = 13.5;
				MTL_ENABLE_DEBUG_INFO = INCLUDE_SOURCE;
				MTL_FAST_MATH = YES;
				ONLY_ACTIVE_ARCH = YES;
				SDKROOT = iphoneos;
				SWIFT_ACTIVE_COMPILATION_CONDITIONS = DEBUG;
				SWIFT_OPTIMIZATION_LEVEL = "-Onone";
			};
			name = Debug;
		};
		1AF137F5263BC4A600E35754 /* Release */ = {
			isa = XCBuildConfiguration;
			buildSettings = {
				ALWAYS_SEARCH_USER_PATHS = NO;
				CLANG_ANALYZER_NONNULL = YES;
				CLANG_ANALYZER_NUMBER_OBJECT_CONVERSION = YES_AGGRESSIVE;
				CLANG_CXX_LANGUAGE_STANDARD = "gnu++14";
				CLANG_CXX_LIBRARY = "libc++";
				CLANG_ENABLE_MODULES = YES;
				CLANG_ENABLE_OBJC_ARC = YES;
				CLANG_ENABLE_OBJC_WEAK = YES;
				CLANG_WARN_BLOCK_CAPTURE_AUTORELEASING = YES;
				CLANG_WARN_BOOL_CONVERSION = YES;
				CLANG_WARN_COMMA = YES;
				CLANG_WARN_CONSTANT_CONVERSION = YES;
				CLANG_WARN_DEPRECATED_OBJC_IMPLEMENTATIONS = YES;
				CLANG_WARN_DIRECT_OBJC_ISA_USAGE = YES_ERROR;
				CLANG_WARN_DOCUMENTATION_COMMENTS = YES;
				CLANG_WARN_EMPTY_BODY = YES;
				CLANG_WARN_ENUM_CONVERSION = YES;
				CLANG_WARN_INFINITE_RECURSION = YES;
				CLANG_WARN_INT_CONVERSION = YES;
				CLANG_WARN_NON_LITERAL_NULL_CONVERSION = YES;
				CLANG_WARN_OBJC_IMPLICIT_RETAIN_SELF = YES;
				CLANG_WARN_OBJC_LITERAL_CONVERSION = YES;
				CLANG_WARN_OBJC_ROOT_CLASS = YES_ERROR;
				CLANG_WARN_RANGE_LOOP_ANALYSIS = YES;
				CLANG_WARN_STRICT_PROTOTYPES = YES;
				CLANG_WARN_SUSPICIOUS_MOVE = YES;
				CLANG_WARN_UNGUARDED_AVAILABILITY = YES_AGGRESSIVE;
				CLANG_WARN_UNREACHABLE_CODE = YES;
				CLANG_WARN__DUPLICATE_METHOD_MATCH = YES;
				COPY_PHASE_STRIP = NO;
				DEBUG_INFORMATION_FORMAT = "dwarf-with-dsym";
				ENABLE_NS_ASSERTIONS = NO;
				ENABLE_STRICT_OBJC_MSGSEND = YES;
				GCC_C_LANGUAGE_STANDARD = gnu11;
				GCC_NO_COMMON_BLOCKS = YES;
				GCC_WARN_64_TO_32_BIT_CONVERSION = YES;
				GCC_WARN_ABOUT_RETURN_TYPE = YES_ERROR;
				GCC_WARN_UNDECLARED_SELECTOR = YES;
				GCC_WARN_UNINITIALIZED_AUTOS = YES_AGGRESSIVE;
				GCC_WARN_UNUSED_FUNCTION = YES;
				GCC_WARN_UNUSED_VARIABLE = YES;
				IPHONEOS_DEPLOYMENT_TARGET = 13.5;
				MTL_ENABLE_DEBUG_INFO = NO;
				MTL_FAST_MATH = YES;
				SDKROOT = iphoneos;
				SWIFT_COMPILATION_MODE = wholemodule;
				SWIFT_OPTIMIZATION_LEVEL = "-O";
				VALIDATE_PRODUCT = YES;
			};
			name = Release;
		};
		1AF137F7263BC4A600E35754 /* Debug */ = {
			isa = XCBuildConfiguration;
			baseConfigurationReference = 99BB1B016EDCAC33A6059319 /* Pods-CafeManager.debug.xcconfig */;
			buildSettings = {
				ASSETCATALOG_COMPILER_APPICON_NAME = AppIcon;
				CLANG_ENABLE_MODULES = YES;
				CODE_SIGN_STYLE = Automatic;
				INFOPLIST_FILE = CafeManager/Info.plist;
				LD_RUNPATH_SEARCH_PATHS = (
					"$(inherited)",
					"@executable_path/Frameworks",
				);
				PRODUCT_BUNDLE_IDENTIFIER = Rimshan.CafeManager;
				PRODUCT_NAME = "$(TARGET_NAME)";
				SWIFT_OPTIMIZATION_LEVEL = "-Onone";
				SWIFT_VERSION = 5.0;
				TARGETED_DEVICE_FAMILY = 1;
			};
			name = Debug;
		};
		1AF137F8263BC4A600E35754 /* Release */ = {
			isa = XCBuildConfiguration;
			baseConfigurationReference = 671D19EC791AEDC8D2785AA3 /* Pods-CafeManager.release.xcconfig */;
			buildSettings = {
				ASSETCATALOG_COMPILER_APPICON_NAME = AppIcon;
				CLANG_ENABLE_MODULES = YES;
				CODE_SIGN_STYLE = Automatic;
				INFOPLIST_FILE = CafeManager/Info.plist;
				LD_RUNPATH_SEARCH_PATHS = (
					"$(inherited)",
					"@executable_path/Frameworks",
				);
				PRODUCT_BUNDLE_IDENTIFIER = Rimshan.CafeManager;
				PRODUCT_NAME = "$(TARGET_NAME)";
				SWIFT_VERSION = 5.0;
				TARGETED_DEVICE_FAMILY = 1;
			};
			name = Release;
		};
		1AF137FA263BC4A600E35754 /* Debug */ = {
			isa = XCBuildConfiguration;
			baseConfigurationReference = 66193D7552DD60D7F8D49612 /* Pods-CafeManagerTests.debug.xcconfig */;
			buildSettings = {
				ALWAYS_EMBED_SWIFT_STANDARD_LIBRARIES = YES;
				BUNDLE_LOADER = "$(TEST_HOST)";
				CODE_SIGN_STYLE = Automatic;
				INFOPLIST_FILE = CafeManagerTests/Info.plist;
				IPHONEOS_DEPLOYMENT_TARGET = 13.5;
				LD_RUNPATH_SEARCH_PATHS = (
					"$(inherited)",
					"@executable_path/Frameworks",
					"@loader_path/Frameworks",
				);
				PRODUCT_BUNDLE_IDENTIFIER = Rimshan.CafeManagerTests;
				PRODUCT_NAME = "$(TARGET_NAME)";
				SWIFT_VERSION = 5.0;
				TARGETED_DEVICE_FAMILY = "1,2";
				TEST_HOST = "$(BUILT_PRODUCTS_DIR)/CafeManager.app/CafeManager";
			};
			name = Debug;
		};
		1AF137FB263BC4A600E35754 /* Release */ = {
			isa = XCBuildConfiguration;
			baseConfigurationReference = FD628FC806C4DAE9FB231266 /* Pods-CafeManagerTests.release.xcconfig */;
			buildSettings = {
				ALWAYS_EMBED_SWIFT_STANDARD_LIBRARIES = YES;
				BUNDLE_LOADER = "$(TEST_HOST)";
				CODE_SIGN_STYLE = Automatic;
				INFOPLIST_FILE = CafeManagerTests/Info.plist;
				IPHONEOS_DEPLOYMENT_TARGET = 13.5;
				LD_RUNPATH_SEARCH_PATHS = (
					"$(inherited)",
					"@executable_path/Frameworks",
					"@loader_path/Frameworks",
				);
				PRODUCT_BUNDLE_IDENTIFIER = Rimshan.CafeManagerTests;
				PRODUCT_NAME = "$(TARGET_NAME)";
				SWIFT_VERSION = 5.0;
				TARGETED_DEVICE_FAMILY = "1,2";
				TEST_HOST = "$(BUILT_PRODUCTS_DIR)/CafeManager.app/CafeManager";
			};
			name = Release;
		};
		1AF137FD263BC4A600E35754 /* Debug */ = {
			isa = XCBuildConfiguration;
			baseConfigurationReference = 7EB4EACDE62E3246098312E4 /* Pods-CafeManager-CafeManagerUITests.debug.xcconfig */;
			buildSettings = {
				ALWAYS_EMBED_SWIFT_STANDARD_LIBRARIES = YES;
				CODE_SIGN_STYLE = Automatic;
				INFOPLIST_FILE = CafeManagerUITests/Info.plist;
				LD_RUNPATH_SEARCH_PATHS = (
					"$(inherited)",
					"@executable_path/Frameworks",
					"@loader_path/Frameworks",
				);
				PRODUCT_BUNDLE_IDENTIFIER = Rimshan.CafeManagerUITests;
				PRODUCT_NAME = "$(TARGET_NAME)";
				SWIFT_VERSION = 5.0;
				TARGETED_DEVICE_FAMILY = "1,2";
				TEST_TARGET_NAME = CafeManager;
			};
			name = Debug;
		};
		1AF137FE263BC4A600E35754 /* Release */ = {
			isa = XCBuildConfiguration;
			baseConfigurationReference = 575C0BD075E5AEFB64259337 /* Pods-CafeManager-CafeManagerUITests.release.xcconfig */;
			buildSettings = {
				ALWAYS_EMBED_SWIFT_STANDARD_LIBRARIES = YES;
				CODE_SIGN_STYLE = Automatic;
				INFOPLIST_FILE = CafeManagerUITests/Info.plist;
				LD_RUNPATH_SEARCH_PATHS = (
					"$(inherited)",
					"@executable_path/Frameworks",
					"@loader_path/Frameworks",
				);
				PRODUCT_BUNDLE_IDENTIFIER = Rimshan.CafeManagerUITests;
				PRODUCT_NAME = "$(TARGET_NAME)";
				SWIFT_VERSION = 5.0;
				TARGETED_DEVICE_FAMILY = "1,2";
				TEST_TARGET_NAME = CafeManager;
			};
			name = Release;
		};
/* End XCBuildConfiguration section */

/* Begin XCConfigurationList section */
		1AF137C7263BC49E00E35754 /* Build configuration list for PBXProject "CafeManager" */ = {
			isa = XCConfigurationList;
			buildConfigurations = (
				1AF137F4263BC4A600E35754 /* Debug */,
				1AF137F5263BC4A600E35754 /* Release */,
			);
			defaultConfigurationIsVisible = 0;
			defaultConfigurationName = Release;
		};
		1AF137F6263BC4A600E35754 /* Build configuration list for PBXNativeTarget "CafeManager" */ = {
			isa = XCConfigurationList;
			buildConfigurations = (
				1AF137F7263BC4A600E35754 /* Debug */,
				1AF137F8263BC4A600E35754 /* Release */,
			);
			defaultConfigurationIsVisible = 0;
			defaultConfigurationName = Release;
		};
		1AF137F9263BC4A600E35754 /* Build configuration list for PBXNativeTarget "CafeManagerTests" */ = {
			isa = XCConfigurationList;
			buildConfigurations = (
				1AF137FA263BC4A600E35754 /* Debug */,
				1AF137FB263BC4A600E35754 /* Release */,
			);
			defaultConfigurationIsVisible = 0;
			defaultConfigurationName = Release;
		};
		1AF137FC263BC4A600E35754 /* Build configuration list for PBXNativeTarget "CafeManagerUITests" */ = {
			isa = XCConfigurationList;
			buildConfigurations = (
				1AF137FD263BC4A600E35754 /* Debug */,
				1AF137FE263BC4A600E35754 /* Release */,
			);
			defaultConfigurationIsVisible = 0;
			defaultConfigurationName = Release;
		};
/* End XCConfigurationList section */
	};
	rootObject = 1AF137C4263BC49E00E35754 /* Project object */;
}
